
Microsoft Visual Studio Solution File, Format Version 12.00
# Visual Studio Version 17
VisualStudioVersion = 17.10.34928.147
MinimumVisualStudioVersion = 10.0.40219.1
Project("{2150E333-8FDC-42A3-9474-1A3956D46DE8}") = "Solution Items", "Solution Items", "{03EF4FBE-9F9A-48F7-BFEF-6CDFB23D0925}"
	ProjectSection(SolutionItems) = preProject
		LICENSE.txt = LICENSE.txt
		README.md = README.md
	EndProjectSection
EndProject
Project("{9A19103F-16F7-4668-BE54-9A1E7A4F7556}") = "LessonA1", "LessonA1\LessonA1.csproj", "{C9A00E84-E898-4D20-8381-09C0B56F5414}"
EndProject
Project("{9A19103F-16F7-4668-BE54-9A1E7A4F7556}") = "Scratchapixel.UI", "Scratchapixel.UI\Scratchapixel.UI.csproj", "{CFAB0F9C-F282-4B3A-8E37-3F7690C9128E}"
EndProject
Project("{FAE04EC0-301F-11D3-BF4B-00C04F79EFBC}") = "Scratchapixel", "Scratchapixel\Scratchapixel.csproj", "{6B2AA048-FCE5-41BD-B5CF-3521C9461EF7}"
EndProject
Global
	GlobalSection(SolutionConfigurationPlatforms) = preSolution
		Debug|Any CPU = Debug|Any CPU
		Release|Any CPU = Release|Any CPU
	EndGlobalSection
	GlobalSection(ProjectConfigurationPlatforms) = postSolution
		{C9A00E84-E898-4D20-8381-09C0B56F5414}.Debug|Any CPU.ActiveCfg = Debug|Any CPU
		{C9A00E84-E898-4D20-8381-09C0B56F5414}.Debug|Any CPU.Build.0 = Debug|Any CPU
		{C9A00E84-E898-4D20-8381-09C0B56F5414}.Release|Any CPU.ActiveCfg = Release|Any CPU
		{C9A00E84-E898-4D20-8381-09C0B56F5414}.Release|Any CPU.Build.0 = Release|Any CPU
		{CFAB0F9C-F282-4B3A-8E37-3F7690C9128E}.Debug|Any CPU.ActiveCfg = Debug|Any CPU
		{CFAB0F9C-F282-4B3A-8E37-3F7690C9128E}.Debug|Any CPU.Build.0 = Debug|Any CPU
		{CFAB0F9C-F282-4B3A-8E37-3F7690C9128E}.Release|Any CPU.ActiveCfg = Release|Any CPU
		{CFAB0F9C-F282-4B3A-8E37-3F7690C9128E}.Release|Any CPU.Build.0 = Release|Any CPU
		{6B2AA048-FCE5-41BD-B5CF-3521C9461EF7}.Debug|Any CPU.ActiveCfg = Debug|Any CPU
		{6B2AA048-FCE5-41BD-B5CF-3521C9461EF7}.Debug|Any CPU.Build.0 = Debug|Any CPU
		{6B2AA048-FCE5-41BD-B5CF-3521C9461EF7}.Release|Any CPU.ActiveCfg = Release|Any CPU
		{6B2AA048-FCE5-41BD-B5CF-3521C9461EF7}.Release|Any CPU.Build.0 = Release|Any CPU
	EndGlobalSection
	GlobalSection(SolutionProperties) = preSolution
		HideSolutionNode = FALSE
	EndGlobalSection
	GlobalSection(ExtensibilityGlobals) = postSolution
		SolutionGuid = {5AB11402-C5C8-46C7-9AC9-8D4E68920236}
	EndGlobalSection
EndGlobal
